{
  "name": "lab2_mcp",
  "lockfileVersion": 3,
  "requires": true,
  "packages": {
    "": {
      "dependencies": {
        "@speakeasy-api/speakeasy-client-sdk-typescript": "^5.0.0-rc.4"
      }
    },
    "node_modules/@speakeasy-api/speakeasy-client-sdk-typescript": {
      "version": "5.0.0-rc.4",
      "resolved": "https://registry.npmjs.org/@speakeasy-api/speakeasy-client-sdk-typescript/-/speakeasy-client-sdk-typescript-5.0.0-rc.4.tgz",
      "integrity": "sha512-pEvNVt22ORSklbmxDQMJsVblDkXZSg1he4p9GaX7nOLj4BrXJbgqkyZ5cwfuyuyWdsOBCK+BvUGmfx2Q1aSeXA==",
      "bin": {
        "mcp": "bin/mcp-server.js"
      },
      "peerDependencies": {
        "@modelcontextprotocol/sdk": ">=1.5.0 <1.10.0",
        "@tanstack/react-query": "^5",
        "react": "^18 || ^19",
        "react-dom": "^18 || ^19",
        "zod": ">= 3"
      },
      "peerDependenciesMeta": {
        "@modelcontextprotocol/sdk": {
          "optional": true
        },
        "@tanstack/react-query": {
          "optional": true
        },
        "react": {
          "optional": true
        },
        "react-dom": {
          "optional": true
        }
      }
    },
    "node_modules/zod": {
      "version": "4.1.12",
      "resolved": "https://registry.npmjs.org/zod/-/zod-4.1.12.tgz",
      "integrity": "sha512-JInaHOamG8pt5+Ey8kGmdcAcg3OL9reK8ltczgHTAwNhMys/6ThXHityHxVV2p3fkw/c+MAvBHFVYHFZDmjMCQ==",
      "license": "MIT",
      "peer": true,
      "funding": {
        "url": "https://github.com/sponsors/colinhacks"
      }
    }
  }
}
